
Microsoft Visual Studio Solution File, Format Version 12.00
# Visual Studio Version 17
VisualStudioVersion = 17.14.36616.10
MinimumVisualStudioVersion = 10.0.40219.1
Project("{FAE04EC0-301F-11D3-BF4B-00C04F79EFBC}") = "AgriculturePresentation", "AgriculturePresentation\AgriculturePresentation.csproj", "{375C04B5-3F9C-4A75-AD0D-450B38D3641D}"
EndProject
Project("{FAE04EC0-301F-11D3-BF4B-00C04F79EFBC}") = "EntityLayer", "EntityLayer\EntityLayer.csproj", "{41E88851-50C2-4D4D-93CD-4AE14013131B}"
EndProject
Project("{FAE04EC0-301F-11D3-BF4B-00C04F79EFBC}") = "DataAccessLayer", "DataAccessLayer\DataAccessLayer.csproj", "{BF736086-2794-4690-A7F4-C79DFE9C6972}"
EndProject
Project("{FAE04EC0-301F-11D3-BF4B-00C04F79EFBC}") = "BusinessLayer", "BusinessLayer\BusinessLayer.csproj", "{3AC23D32-E1BF-4B54-948E-BDB9516E99D9}"
EndProject
Global
	GlobalSection(SolutionConfigurationPlatforms) = preSolution
		Debug|Any CPU = Debug|Any CPU
		Release|Any CPU = Release|Any CPU
	EndGlobalSection
	GlobalSection(ProjectConfigurationPlatforms) = postSolution
		{375C04B5-3F9C-4A75-AD0D-450B38D3641D}.Debug|Any CPU.ActiveCfg = Debug|Any CPU
		{375C04B5-3F9C-4A75-AD0D-450B38D3641D}.Debug|Any CPU.Build.0 = Debug|Any CPU
		{375C04B5-3F9C-4A75-AD0D-450B38D3641D}.Release|Any CPU.ActiveCfg = Release|Any CPU
		{375C04B5-3F9C-4A75-AD0D-450B38D3641D}.Release|Any CPU.Build.0 = Release|Any CPU
		{41E88851-50C2-4D4D-93CD-4AE14013131B}.Debug|Any CPU.ActiveCfg = Debug|Any CPU
		{41E88851-50C2-4D4D-93CD-4AE14013131B}.Debug|Any CPU.Build.0 = Debug|Any CPU
		{41E88851-50C2-4D4D-93CD-4AE14013131B}.Release|Any CPU.ActiveCfg = Release|Any CPU
		{41E88851-50C2-4D4D-93CD-4AE14013131B}.Release|Any CPU.Build.0 = Release|Any CPU
		{BF736086-2794-4690-A7F4-C79DFE9C6972}.Debug|Any CPU.ActiveCfg = Debug|Any CPU
		{BF736086-2794-4690-A7F4-C79DFE9C6972}.Debug|Any CPU.Build.0 = Debug|Any CPU
		{BF736086-2794-4690-A7F4-C79DFE9C6972}.Release|Any CPU.ActiveCfg = Release|Any CPU
		{BF736086-2794-4690-A7F4-C79DFE9C6972}.Release|Any CPU.Build.0 = Release|Any CPU
		{3AC23D32-E1BF-4B54-948E-BDB9516E99D9}.Debug|Any CPU.ActiveCfg = Debug|Any CPU
		{3AC23D32-E1BF-4B54-948E-BDB9516E99D9}.Debug|Any CPU.Build.0 = Debug|Any CPU
		{3AC23D32-E1BF-4B54-948E-BDB9516E99D9}.Release|Any CPU.ActiveCfg = Release|Any CPU
		{3AC23D32-E1BF-4B54-948E-BDB9516E99D9}.Release|Any CPU.Build.0 = Release|Any CPU
	EndGlobalSection
	GlobalSection(SolutionProperties) = preSolution
		HideSolutionNode = FALSE
	EndGlobalSection
	GlobalSection(ExtensibilityGlobals) = postSolution
		SolutionGuid = {72384F7D-2593-42D6-B24D-496908890553}
	EndGlobalSection
EndGlobal
